
Microsoft Visual Studio Solution File, Format Version 12.00
# Visual Studio 2013
VisualStudioVersion = 12.0.30324.0
MinimumVisualStudioVersion = 10.0.40219.1
Project("{F2A71F9B-5D33-465A-A702-920D77279786}") = "LearnFSharp.Core", "LearnFSharp.Core\LearnFSharp.Core.fsproj", "{AE785FEF-742F-46A4-A132-8EA2674E8E27}"
EndProject
Project("{F2A71F9B-5D33-465A-A702-920D77279786}") = "LearnFSharp.Windows", "LearnFSharp.Windows\LearnFSharp.Windows.fsproj", "{364DEA88-CE6A-449B-A892-BF7EF6F4FBA8}"
EndProject
Global
	GlobalSection(SolutionConfigurationPlatforms) = preSolution
		Debug|Any CPU = Debug|Any CPU
		Release|Any CPU = Release|Any CPU
	EndGlobalSection
	GlobalSection(ProjectConfigurationPlatforms) = postSolution
		{AE785FEF-742F-46A4-A132-8EA2674E8E27}.Debug|Any CPU.ActiveCfg = Debug|Any CPU
		{AE785FEF-742F-46A4-A132-8EA2674E8E27}.Debug|Any CPU.Build.0 = Debug|Any CPU
		{AE785FEF-742F-46A4-A132-8EA2674E8E27}.Release|Any CPU.ActiveCfg = Release|Any CPU
		{AE785FEF-742F-46A4-A132-8EA2674E8E27}.Release|Any CPU.Build.0 = Release|Any CPU
		{364DEA88-CE6A-449B-A892-BF7EF6F4FBA8}.Debug|Any CPU.ActiveCfg = Debug|Any CPU
		{364DEA88-CE6A-449B-A892-BF7EF6F4FBA8}.Debug|Any CPU.Build.0 = Debug|Any CPU
		{364DEA88-CE6A-449B-A892-BF7EF6F4FBA8}.Release|Any CPU.ActiveCfg = Release|Any CPU
		{364DEA88-CE6A-449B-A892-BF7EF6F4FBA8}.Release|Any CPU.Build.0 = Release|Any CPU
	EndGlobalSection
	GlobalSection(SolutionProperties) = preSolution
		HideSolutionNode = FALSE
	EndGlobalSection
EndGlobal
